// !$*UTF8*$!
{
	archiveVersion = 1;
	classes = {
	};
	objectVersion = 46;
	objects = {

/* Begin PBXBuildFile section */
		19D3299619CDB93C00F6B927 /* AppDelegate.swift in Sources */ = {isa = PBXBuildFile; fileRef = 19D3299519CDB93C00F6B927 /* AppDelegate.swift */; };
		19D3299919CDB93C00F6B927 /* WestfieldDecodedHackathon2014.xcdatamodeld in Sources */ = {isa = PBXBuildFile; fileRef = 19D3299719CDB93C00F6B927 /* WestfieldDecodedHackathon2014.xcdatamodeld */; };
		19D3299B19CDB93C00F6B927 /* ViewController.swift in Sources */ = {isa = PBXBuildFile; fileRef = 19D3299A19CDB93C00F6B927 /* ViewController.swift */; };
		19D3299E19CDB93C00F6B927 /* Main.storyboard in Resources */ = {isa = PBXBuildFile; fileRef = 19D3299C19CDB93C00F6B927 /* Main.storyboard */; };
		19D329A019CDB93C00F6B927 /* Images.xcassets in Resources */ = {isa = PBXBuildFile; fileRef = 19D3299F19CDB93C00F6B927 /* Images.xcassets */; };
		19D329A319CDB93C00F6B927 /* LaunchScreen.xib in Resources */ = {isa = PBXBuildFile; fileRef = 19D329A119CDB93C00F6B927 /* LaunchScreen.xib */; };
		19D329AF19CDB93C00F6B927 /* WestfieldDecodedHackathon2014Tests.swift in Sources */ = {isa = PBXBuildFile; fileRef = 19D329AE19CDB93C00F6B927 /* WestfieldDecodedHackathon2014Tests.swift */; };
		19D329B919CDBE2D00F6B927 /* MyColoursViewController.swift in Sources */ = {isa = PBXBuildFile; fileRef = 19D329B819CDBE2D00F6B927 /* MyColoursViewController.swift */; };
/* End PBXBuildFile section */

/* Begin PBXContainerItemProxy section */
		19D329A919CDB93C00F6B927 /* PBXContainerItemProxy */ = {
			isa = PBXContainerItemProxy;
			containerPortal = 19D3298819CDB93C00F6B927 /* Project object */;
			proxyType = 1;
			remoteGlobalIDString = 19D3298F19CDB93C00F6B927;
			remoteInfo = WestfieldDecodedHackathon2014;
		};
/* End PBXContainerItemProxy section */

/* Begin PBXFileReference section */
		19D3299019CDB93C00F6B927 /* WestfieldDecodedHackathon2014.app */ = {isa = PBXFileReference; explicitFileType = wrapper.application; includeInIndex = 0; path = WestfieldDecodedHackathon2014.app; sourceTree = BUILT_PRODUCTS_DIR; };
		19D3299419CDB93C00F6B927 /* Info.plist */ = {isa = PBXFileReference; lastKnownFileType = text.plist.xml; path = Info.plist; sourceTree = "<group>"; };
		19D3299519CDB93C00F6B927 /* AppDelegate.swift */ = {isa = PBXFileReference; lastKnownFileType = sourcecode.swift; path = AppDelegate.swift; sourceTree = "<group>"; };
		19D3299819CDB93C00F6B927 /* WestfieldDecodedHackathon2014.xcdatamodel */ = {isa = PBXFileReference; lastKnownFileType = wrapper.xcdatamodel; path = WestfieldDecodedHackathon2014.xcdatamodel; sourceTree = "<group>"; };
		19D3299A19CDB93C00F6B927 /* ViewController.swift */ = {isa = PBXFileReference; lastKnownFileType = sourcecode.swift; path = ViewController.swift; sourceTree = "<group>"; };
		19D3299D19CDB93C00F6B927 /* Base */ = {isa = PBXFileReference; lastKnownFileType = file.storyboard; name = Base; path = Base.lproj/Main.storyboard; sourceTree = "<group>"; };
		19D3299F19CDB93C00F6B927 /* Images.xcassets */ = {isa = PBXFileReference; lastKnownFileType = folder.assetcatalog; path = Images.xcassets; sourceTree = "<group>"; };
		19D329A219CDB93C00F6B927 /* Base */ = {isa = PBXFileReference; lastKnownFileType = file.xib; name = Base; path = Base.lproj/LaunchScreen.xib; sourceTree = "<group>"; };
		19D329A819CDB93C00F6B927 /* WestfieldDecodedHackathon2014Tests.xctest */ = {isa = PBXFileReference; explicitFileType = wrapper.cfbundle; includeInIndex = 0; path = WestfieldDecodedHackathon2014Tests.xctest; sourceTree = BUILT_PRODUCTS_DIR; };
		19D329AD19CDB93C00F6B927 /* Info.plist */ = {isa = PBXFileReference; lastKnownFileType = text.plist.xml; path = Info.plist; sourceTree = "<group>"; };
		19D329AE19CDB93C00F6B927 /* WestfieldDecodedHackathon2014Tests.swift */ = {isa = PBXFileReference; lastKnownFileType = sourcecode.swift; path = WestfieldDecodedHackathon2014Tests.swift; sourceTree = "<group>"; };
		19D329B819CDBE2D00F6B927 /* MyColoursViewController.swift */ = {isa = PBXFileReference; fileEncoding = 4; lastKnownFileType = sourcecode.swift; path = MyColoursViewController.swift; sourceTree = "<group>"; };
/* End PBXFileReference section */

/* Begin PBXFrameworksBuildPhase section */
		19D3298D19CDB93C00F6B927 /* Frameworks */ = {
			isa = PBXFrameworksBuildPhase;
			buildActionMask = 2147483647;
			files = (
			);
			runOnlyForDeploymentPostprocessing = 0;
		};
		19D329A519CDB93C00F6B927 /* Frameworks */ = {
			isa = PBXFrameworksBuildPhase;
			buildActionMask = 2147483647;
			files = (
			);
			runOnlyForDeploymentPostprocessing = 0;
		};
/* End PBXFrameworksBuildPhase section */

/* Begin PBXGroup section */
		19D3298719CDB93C00F6B927 = {
			isa = PBXGroup;
			children = (
				19D3299219CDB93C00F6B927 /* WestfieldDecodedHackathon2014 */,
				19D329AB19CDB93C00F6B927 /* WestfieldDecodedHackathon2014Tests */,
				19D3299119CDB93C00F6B927 /* Products */,
			);
			sourceTree = "<group>";
		};
		19D3299119CDB93C00F6B927 /* Products */ = {
			isa = PBXGroup;
			children = (
				19D3299019CDB93C00F6B927 /* WestfieldDecodedHackathon2014.app */,
				19D329A819CDB93C00F6B927 /* WestfieldDecodedHackathon2014Tests.xctest */,
			);
			name = Products;
			sourceTree = "<group>";
		};
		19D3299219CDB93C00F6B927 /* WestfieldDecodedHackathon2014 */ = {
			isa = PBXGroup;
			children = (
				19D3299519CDB93C00F6B927 /* AppDelegate.swift */,
				19D3299A19CDB93C00F6B927 /* ViewController.swift */,
				19D3299C19CDB93C00F6B927 /* Main.storyboard */,
				19D3299F19CDB93C00F6B927 /* Images.xcassets */,
				19D329A119CDB93C00F6B927 /* LaunchScreen.xib */,
				19D3299719CDB93C00F6B927 /* WestfieldDecodedHackathon2014.xcdatamodeld */,
				19D3299319CDB93C00F6B927 /* Supporting Files */,
				19D329B819CDBE2D00F6B927 /* MyColoursViewController.swift */,
			);
			path = WestfieldDecodedHackathon2014;
			sourceTree = "<group>";
		};
		19D3299319CDB93C00F6B927 /* Supporting Files */ = {
			isa = PBXGroup;
			children = (
				19D3299419CDB93C00F6B927 /* Info.plist */,
			);
			name = "Supporting Files";
			sourceTree = "<group>";
		};
		19D329AB19CDB93C00F6B927 /* WestfieldDecodedHackathon2014Tests */ = {
			isa = PBXGroup;
			children = (
				19D329AE19CDB93C00F6B927 /* WestfieldDecodedHackathon2014Tests.swift */,
				19D329AC19CDB93C00F6B927 /* Supporting Files */,
			);
			path = WestfieldDecodedHackathon2014Tests;
			sourceTree = "<group>";
		};
		19D329AC19CDB93C00F6B927 /* Supporting Files */ = {
			isa = PBXGroup;
			children = (
				19D329AD19CDB93C00F6B927 /* Info.plist */,
			);
			name = "Supporting Files";
			sourceTree = "<group>";
		};
/* End PBXGroup section */

/* Begin PBXNativeTarget section */
		19D3298F19CDB93C00F6B927 /* WestfieldDecodedHackathon2014 */ = {
			isa = PBXNativeTarget;
			buildConfigurationList = 19D329B219CDB93C00F6B927 /* Build configuration list for PBXNativeTarget "WestfieldDecodedHackathon2014" */;
			buildPhases = (
				19D3298C19CDB93C00F6B927 /* Sources */,
				19D3298D19CDB93C00F6B927 /* Frameworks */,
				19D3298E19CDB93C00F6B927 /* Resources */,
			);
			buildRules = (
			);
			dependencies = (
			);
			name = WestfieldDecodedHackathon2014;
			productName = WestfieldDecodedHackathon2014;
			productReference = 19D3299019CDB93C00F6B927 /* WestfieldDecodedHackathon2014.app */;
			productType = "com.apple.product-type.application";
		};
		19D329A719CDB93C00F6B927 /* WestfieldDecodedHackathon2014Tests */ = {
			isa = PBXNativeTarget;
			buildConfigurationList = 19D329B519CDB93C00F6B927 /* Build configuration list for PBXNativeTarget "WestfieldDecodedHackathon2014Tests" */;
			buildPhases = (
				19D329A419CDB93C00F6B927 /* Sources */,
				19D329A519CDB93C00F6B927 /* Frameworks */,
				19D329A619CDB93C00F6B927 /* Resources */,
			);
			buildRules = (
			);
			dependencies = (
				19D329AA19CDB93C00F6B927 /* PBXTargetDependency */,
			);
			name = WestfieldDecodedHackathon2014Tests;
			productName = WestfieldDecodedHackathon2014Tests;
			productReference = 19D329A819CDB93C00F6B927 /* WestfieldDecodedHackathon2014Tests.xctest */;
			productType = "com.apple.product-type.bundle.unit-test";
		};
/* End PBXNativeTarget section */

/* Begin PBXProject section */
		19D3298819CDB93C00F6B927 /* Project object */ = {
			isa = PBXProject;
			attributes = {
				LastUpgradeCheck = 0600;
				ORGANIZATIONNAME = "JUDIT GRESKOVITS";
				TargetAttributes = {
					19D3298F19CDB93C00F6B927 = {
						CreatedOnToolsVersion = 6.0;
					};
					19D329A719CDB93C00F6B927 = {
						CreatedOnToolsVersion = 6.0;
						TestTargetID = 19D3298F19CDB93C00F6B927;
					};
				};
			};
			buildConfigurationList = 19D3298B19CDB93C00F6B927 /* Build configuration list for PBXProject "WestfieldDecodedHackathon2014" */;
			compatibilityVersion = "Xcode 3.2";
			developmentRegion = English;
			hasScannedForEncodings = 0;
			knownRegions = (
				en,
				Base,
			);
			mainGroup = 19D3298719CDB93C00F6B927;
			productRefGroup = 19D3299119CDB93C00F6B927 /* Products */;
			projectDirPath = "";
			projectRoot = "";
			targets = (
				19D3298F19CDB93C00F6B927 /* WestfieldDecodedHackathon2014 */,
				19D329A719CDB93C00F6B927 /* WestfieldDecodedHackathon2014Tests */,
			);
		};
/* End PBXProject section */

/* Begin PBXResourcesBuildPhase section */
		19D3298E19CDB93C00F6B927 /* Resources */ = {
			isa = PBXResourcesBuildPhase;
			buildActionMask = 2147483647;
			files = (
				19D3299E19CDB93C00F6B927 /* Main.storyboard in Resources */,
				19D329A319CDB93C00F6B927 /* LaunchScreen.xib in Resources */,
				19D329A019CDB93C00F6B927 /* Images.xcassets in Resources */,
			);
			runOnlyForDeploymentPostprocessing = 0;
		};
		19D329A619CDB93C00F6B927 /* Resources */ = {
			isa = PBXResourcesBuildPhase;
			buildActionMask = 2147483647;
			files = (
			);
			runOnlyForDeploymentPostprocessing = 0;
		};
/* End PBXResourcesBuildPhase section */

/* Begin PBXSourcesBuildPhase section */
		19D3298C19CDB93C00F6B927 /* Sources */ = {
			isa = PBXSourcesBuildPhase;
			buildActionMask = 2147483647;
			files = (
				19D329B919CDBE2D00F6B927 /* MyColoursViewController.swift in Sources */,
				19D3299B19CDB93C00F6B927 /* ViewController.swift in Sources */,
				19D3299619CDB93C00F6B927 /* AppDelegate.swift in Sources */,
				19D3299919CDB93C00F6B927 /* WestfieldDecodedHackathon2014.xcdatamodeld in Sources */,
			);
			runOnlyForDeploymentPostprocessing = 0;
		};
		19D329A419CDB93C00F6B927 /* Sources */ = {
			isa = PBXSourcesBuildPhase;
			buildActionMask = 2147483647;
			files = (
				19D329AF19CDB93C00F6B927 /* WestfieldDecodedHackathon2014Tests.swift in Sources */,
			);
			runOnlyForDeploymentPostprocessing = 0;
		};
/* End PBXSourcesBuildPhase section */

/* Begin PBXTargetDependency section */
		19D329AA19CDB93C00F6B927 /* PBXTargetDependency */ = {
			isa = PBXTargetDependency;
			target = 19D3298F19CDB93C00F6B927 /* WestfieldDecodedHackathon2014 */;
			targetProxy = 19D329A919CDB93C00F6B927 /* PBXContainerItemProxy */;
		};
/* End PBXTargetDependency section */

/* Begin PBXVariantGroup section */
		19D3299C19CDB93C00F6B927 /* Main.storyboard */ = {
			isa = PBXVariantGroup;
			children = (
				19D3299D19CDB93C00F6B927 /* Base */,
			);
			name = Main.storyboard;
			sourceTree = "<group>";
		};
		19D329A119CDB93C00F6B927 /* LaunchScreen.xib */ = {
			isa = PBXVariantGroup;
			children = (
				19D329A219CDB93C00F6B927 /* Base */,
			);
			name = LaunchScreen.xib;
			sourceTree = "<group>";
		};
/* End PBXVariantGroup section */

/* Begin XCBuildConfiguration section */
		19D329B019CDB93C00F6B927 /* Debug */ = {
			isa = XCBuildConfiguration;
			buildSettings = {
				ALWAYS_SEARCH_USER_PATHS = NO;
				CLANG_CXX_LANGUAGE_STANDARD = "gnu++0x";
				CLANG_CXX_LIBRARY = "libc++";
				CLANG_ENABLE_MODULES = YES;
				CLANG_ENABLE_OBJC_ARC = YES;
				CLANG_WARN_BOOL_CONVERSION = YES;
				CLANG_WARN_CONSTANT_CONVERSION = YES;
				CLANG_WARN_DIRECT_OBJC_ISA_USAGE = YES_ERROR;
				CLANG_WARN_EMPTY_BODY = YES;
				CLANG_WARN_ENUM_CONVERSION = YES;
				CLANG_WARN_INT_CONVERSION = YES;
				CLANG_WARN_OBJC_ROOT_CLASS = YES_ERROR;
				CLANG_WARN_UNREACHABLE_CODE = YES;
				CLANG_WARN__DUPLICATE_METHOD_MATCH = YES;
				"CODE_SIGN_IDENTITY[sdk=iphoneos*]" = "iPhone Developer";
				COPY_PHASE_STRIP = NO;
				ENABLE_STRICT_OBJC_MSGSEND = YES;
				GCC_C_LANGUAGE_STANDARD = gnu99;
				GCC_DYNAMIC_NO_PIC = NO;
				GCC_OPTIMIZATION_LEVEL = 0;
				GCC_PREPROCESSOR_DEFINITIONS = (
					"DEBUG=1",
					"$(inherited)",
				);
				GCC_SYMBOLS_PRIVATE_EXTERN = NO;
				GCC_WARN_64_TO_32_BIT_CONVERSION = YES;
				GCC_WARN_ABOUT_RETURN_TYPE = YES_ERROR;
				GCC_WARN_UNDECLARED_SELECTOR = YES;
				GCC_WARN_UNINITIALIZED_AUTOS = YES_AGGRESSIVE;
				GCC_WARN_UNUSED_FUNCTION = YES;
				GCC_WARN_UNUSED_VARIABLE = YES;
				IPHONEOS_DEPLOYMENT_TARGET = 8.0;
				MTL_ENABLE_DEBUG_INFO = YES;
				ONLY_ACTIVE_ARCH = YES;
				SDKROOT = iphoneos;
				SWIFT_OPTIMIZATION_LEVEL = "-Onone";
			};
			name = Debug;
		};
		19D329B119CDB93C00F6B927 /* Release */ = {
			isa = XCBuildConfiguration;
			buildSettings = {
				ALWAYS_SEARCH_USER_PATHS = NO;
				CLANG_CXX_LANGUAGE_STANDARD = "gnu++0x";
				CLANG_CXX_LIBRARY = "libc++";
				CLANG_ENABLE_MODULES = YES;
				CLANG_ENABLE_OBJC_ARC = YES;
				CLANG_WARN_BOOL_CONVERSION = YES;
				CLANG_WARN_CONSTANT_CONVERSION = YES;
				CLANG_WARN_DIRECT_OBJC_ISA_USAGE = YES_ERROR;
				CLANG_WARN_EMPTY_BODY = YES;
				CLANG_WARN_ENUM_CONVERSION = YES;
				CLANG_WARN_INT_CONVERSION = YES;
				CLANG_WARN_OBJC_ROOT_CLASS = YES_ERROR;
				CLANG_WARN_UNREACHABLE_CODE = YES;
				CLANG_WARN__DUPLICATE_METHOD_MATCH = YES;
				"CODE_SIGN_IDENTITY[sdk=iphoneos*]" = "iPhone Developer";
				COPY_PHASE_STRIP = YES;
				ENABLE_NS_ASSERTIONS = NO;
				ENABLE_STRICT_OBJC_MSGSEND = YES;
				GCC_C_LANGUAGE_STANDARD = gnu99;
				GCC_WARN_64_TO_32_BIT_CONVERSION = YES;
				GCC_WARN_ABOUT_RETURN_TYPE = YES_ERROR;
				GCC_WARN_UNDECLARED_SELECTOR = YES;
				GCC_WARN_UNINITIALIZED_AUTOS = YES_AGGRESSIVE;
				GCC_WARN_UNUSED_FUNCTION = YES;
				GCC_WARN_UNUSED_VARIABLE = YES;
				IPHONEOS_DEPLOYMENT_TARGET = 8.0;
				MTL_ENABLE_DEBUG_INFO = NO;
				SDKROOT = iphoneos;
				VALIDATE_PRODUCT = YES;
			};
			name = Release;
		};
		19D329B319CDB93C00F6B927 /* Debug */ = {
			isa = XCBuildConfiguration;
			buildSettings = {
				ASSETCATALOG_COMPILER_APPICON_NAME = AppIcon;
				INFOPLIST_FILE = WestfieldDecodedHackathon2014/Info.plist;
				IPHONEOS_DEPLOYMENT_TARGET = 7.1;
				LD_RUNPATH_SEARCH_PATHS = "$(inherited) @executable_path/Frameworks";
				PRODUCT_NAME = "$(TARGET_NAME)";
			};
			name = Debug;
		};
		19D329B419CDB93C00F6B927 /* Release */ = {
			isa = XCBuildConfiguration;
			buildSettings = {
				ASSETCATALOG_COMPILER_APPICON_NAME = AppIcon;
				INFOPLIST_FILE = WestfieldDecodedHackathon2014/Info.plist;
				IPHONEOS_DEPLOYMENT_TARGET = 7.1;
				LD_RUNPATH_SEARCH_PATHS = "$(inherited) @executable_path/Frameworks";
				PRODUCT_NAME = "$(TARGET_NAME)";
			};
			name = Release;
		};
		19D329B619CDB93C00F6B927 /* Debug */ = {
			isa = XCBuildConfiguration;
			buildSettings = {
				BUNDLE_LOADER = "$(TEST_HOST)";
				FRAMEWORK_SEARCH_PATHS = (
					"$(SDKROOT)/Developer/Library/Frameworks",
					"$(inherited)",
				);
				GCC_PREPROCESSOR_DEFINITIONS = (
					"DEBUG=1",
					"$(inherited)",
				);
				INFOPLIST_FILE = WestfieldDecodedHackathon2014Tests/Info.plist;
				LD_RUNPATH_SEARCH_PATHS = "$(inherited) @executable_path/Frameworks @loader_path/Frameworks";
				PRODUCT_NAME = "$(TARGET_NAME)";
				TEST_HOST = "$(BUILT_PRODUCTS_DIR)/WestfieldDecodedHackathon2014.app/WestfieldDecodedHackathon2014";
			};
			name = Debug;
		};
		19D329B719CDB93C00F6B927 /* Release */ = {
			isa = XCBuildConfiguration;
			buildSettings = {
				BUNDLE_LOADER = "$(TEST_HOST)";
				FRAMEWORK_SEARCH_PATHS = (
					"$(SDKROOT)/Developer/Library/Frameworks",
					"$(inherited)",
				);
				INFOPLIST_FILE = WestfieldDecodedHackathon2014Tests/Info.plist;
				LD_RUNPATH_SEARCH_PATHS = "$(inherited) @executable_path/Frameworks @loader_path/Frameworks";
				PRODUCT_NAME = "$(TARGET_NAME)";
				TEST_HOST = "$(BUILT_PRODUCTS_DIR)/WestfieldDecodedHackathon2014.app/WestfieldDecodedHackathon2014";
			};
			name = Release;
		};
/* End XCBuildConfiguration section */

/* Begin XCConfigurationList section */
		19D3298B19CDB93C00F6B927 /* Build configuration list for PBXProject "WestfieldDecodedHackathon2014" */ = {
			isa = XCConfigurationList;
			buildConfigurations = (
				19D329B019CDB93C00F6B927 /* Debug */,
				19D329B119CDB93C00F6B927 /* Release */,
			);
			defaultConfigurationIsVisible = 0;
			defaultConfigurationName = Release;
		};
		19D329B219CDB93C00F6B927 /* Build configuration list for PBXNativeTarget "WestfieldDecodedHackathon2014" */ = {
			isa = XCConfigurationList;
			buildConfigurations = (
				19D329B319CDB93C00F6B927 /* Debug */,
				19D329B419CDB93C00F6B927 /* Release */,
			);
			defaultConfigurationIsVisible = 0;
		};
		19D329B519CDB93C00F6B927 /* Build configuration list for PBXNativeTarget "WestfieldDecodedHackathon2014Tests" */ = {
			isa = XCConfigurationList;
			buildConfigurations = (
				19D329B619CDB93C00F6B927 /* Debug */,
				19D329B719CDB93C00F6B927 /* Release */,
			);
			defaultConfigurationIsVisible = 0;
		};
/* End XCConfigurationList section */

/* Begin XCVersionGroup section */
		19D3299719CDB93C00F6B927 /* WestfieldDecodedHackathon2014.xcdatamodeld */ = {
			isa = XCVersionGroup;
			children = (
				19D3299819CDB93C00F6B927 /* WestfieldDecodedHackathon2014.xcdatamodel */,
			);
			currentVersion = 19D3299819CDB93C00F6B927 /* WestfieldDecodedHackathon2014.xcdatamodel */;
			path = WestfieldDecodedHackathon2014.xcdatamodeld;
			sourceTree = "<group>";
			versionGroupType = wrapper.xcdatamodel;
		};
/* End XCVersionGroup section */
	};
	rootObject = 19D3298819CDB93C00F6B927 /* Project object */;
}
